# THIS IS AN AUTOGENERATED FILE. DO NOT EDIT THIS FILE DIRECTLY.
# yarn lockfile v1


"@viktree/protobuf-playground@^0.3.0":
  version "0.3.0"
  resolved "https://npm.pkg.github.com/download/@viktree/protobuf-playground/0.3.0/6636efddcedbc06587277c659b74948aa6422bb800953914c96d91f064457fc2#a60a00f893eed8dd2c95097be51b88d65114b03d"
  integrity sha512-kMW8wR4c30GShE14FrpXQ1aqyK+Ha69RceFg+EaKafPe6x1+93aarc0MPYF8jRQZCsLejM8rnUVSh2DPgewOMA==
